
Microsoft Visual Studio Solution File, Format Version 12.00
# Visual Studio 15
VisualStudioVersion = 15.0.28307.1062
MinimumVisualStudioVersion = 10.0.40219.1
Project("{FAE04EC0-301F-11D3-BF4B-00C04F79EFBC}") = "NorthWindAPI", "NorthWindAPI\NorthWindAPI.csproj", "{19673FF8-FC99-477C-8BB9-11949F3F739E}"
EndProject
Global
	GlobalSection(SolutionConfigurationPlatforms) = preSolution
		Debug|Any CPU = Debug|Any CPU
		Release|Any CPU = Release|Any CPU
	EndGlobalSection
	GlobalSection(ProjectConfigurationPlatforms) = postSolution
		{19673FF8-FC99-477C-8BB9-11949F3F739E}.Debug|Any CPU.ActiveCfg = Debug|Any CPU
		{19673FF8-FC99-477C-8BB9-11949F3F739E}.Debug|Any CPU.Build.0 = Debug|Any CPU
		{19673FF8-FC99-477C-8BB9-11949F3F739E}.Release|Any CPU.ActiveCfg = Release|Any CPU
		{19673FF8-FC99-477C-8BB9-11949F3F739E}.Release|Any CPU.Build.0 = Release|Any CPU
	EndGlobalSection
	GlobalSection(SolutionProperties) = preSolution
		HideSolutionNode = FALSE
	EndGlobalSection
	GlobalSection(ExtensibilityGlobals) = postSolution
		SolutionGuid = {CD8A3DF2-0235-41A4-8963-E3770AA231EF}
	EndGlobalSection
EndGlobal
